
Microsoft Visual Studio Solution File, Format Version 12.00
# Visual Studio Version 16
VisualStudioVersion = 16.0.30002.166
MinimumVisualStudioVersion = 10.0.40219.1
Project("{9A19103F-16F7-4668-BE54-9A1E7A4F7556}") = "openapi-diff", "src\openapi-diff\openapi-diff.csproj", "{A90BD73B-DF5F-4DBA-8859-8A366DBC3012}"
EndProject
Project("{FAE04EC0-301F-11D3-BF4B-00C04F79EFBC}") = "yaos.OpenApi.Diff.Tests", "test\yaos.OpenApi.Diff.Test\yaos.OpenApi.Diff.Tests.csproj", "{A4D30B6C-3BA1-48CB-A252-07CDBDD713BC}"
EndProject
Global
	GlobalSection(SolutionConfigurationPlatforms) = preSolution
		Debug|Any CPU = Debug|Any CPU
		Release|Any CPU = Release|Any CPU
	EndGlobalSection
	GlobalSection(ProjectConfigurationPlatforms) = postSolution
		{A90BD73B-DF5F-4DBA-8859-8A366DBC3012}.Debug|Any CPU.ActiveCfg = Debug|Any CPU
		{A90BD73B-DF5F-4DBA-8859-8A366DBC3012}.Debug|Any CPU.Build.0 = Debug|Any CPU
		{A90BD73B-DF5F-4DBA-8859-8A366DBC3012}.Release|Any CPU.ActiveCfg = Release|Any CPU
		{A90BD73B-DF5F-4DBA-8859-8A366DBC3012}.Release|Any CPU.Build.0 = Release|Any CPU
		{A4D30B6C-3BA1-48CB-A252-07CDBDD713BC}.Debug|Any CPU.ActiveCfg = Debug|Any CPU
		{A4D30B6C-3BA1-48CB-A252-07CDBDD713BC}.Debug|Any CPU.Build.0 = Debug|Any CPU
		{A4D30B6C-3BA1-48CB-A252-07CDBDD713BC}.Release|Any CPU.ActiveCfg = Release|Any CPU
		{A4D30B6C-3BA1-48CB-A252-07CDBDD713BC}.Release|Any CPU.Build.0 = Release|Any CPU
	EndGlobalSection
	GlobalSection(SolutionProperties) = preSolution
		HideSolutionNode = FALSE
	EndGlobalSection
	GlobalSection(ExtensibilityGlobals) = postSolution
		SolutionGuid = {55A0BFB7-BDE7-4F21-B742-DB053CCFE0EE}
	EndGlobalSection
EndGlobal
